
Microsoft Visual Studio Solution File, Format Version 12.00
# Visual Studio Version 17
VisualStudioVersion = 17.4.33205.214
MinimumVisualStudioVersion = 10.0.40219.1
Project("{FAE04EC0-301F-11D3-BF4B-00C04F79EFBC}") = "ConsoleToWebApi", "ConsoleToWebApi.csproj", "{1789F434-ABBA-44F5-9258-A944D83A36DD}"
EndProject
Global
	GlobalSection(SolutionConfigurationPlatforms) = preSolution
		Debug|Any CPU = Debug|Any CPU
		Release|Any CPU = Release|Any CPU
	EndGlobalSection
	GlobalSection(ProjectConfigurationPlatforms) = postSolution
		{1789F434-ABBA-44F5-9258-A944D83A36DD}.Debug|Any CPU.ActiveCfg = Debug|Any CPU
		{1789F434-ABBA-44F5-9258-A944D83A36DD}.Debug|Any CPU.Build.0 = Debug|Any CPU
		{1789F434-ABBA-44F5-9258-A944D83A36DD}.Release|Any CPU.ActiveCfg = Release|Any CPU
		{1789F434-ABBA-44F5-9258-A944D83A36DD}.Release|Any CPU.Build.0 = Release|Any CPU
	EndGlobalSection
	GlobalSection(SolutionProperties) = preSolution
		HideSolutionNode = FALSE
	EndGlobalSection
	GlobalSection(ExtensibilityGlobals) = postSolution
		SolutionGuid = {8ED3DE13-0B28-4B3B-A976-74930B762422}
	EndGlobalSection
EndGlobal
