
Microsoft Visual Studio Solution File, Format Version 12.00
# Visual Studio Version 17
VisualStudioVersion = 17.4.33205.214
MinimumVisualStudioVersion = 10.0.40219.1
Project("{9A19103F-16F7-4668-BE54-9A1E7A4F7556}") = "Machine-assest", "..\Machine-assest\Machine-assest.csproj", "{13299776-0CB6-4CCB-90FF-444D0026465E}"
EndProject
Project("{FAE04EC0-301F-11D3-BF4B-00C04F79EFBC}") = "MachineAsset", "..\MachineAsset\MachineAsset.csproj", "{D055431D-2C6D-4EF9-9D7A-D3485C3D4EBB}"
EndProject
Global
	GlobalSection(SolutionConfigurationPlatforms) = preSolution
		Debug|Any CPU = Debug|Any CPU
		Release|Any CPU = Release|Any CPU
	EndGlobalSection
	GlobalSection(ProjectConfigurationPlatforms) = postSolution
		{13299776-0CB6-4CCB-90FF-444D0026465E}.Debug|Any CPU.ActiveCfg = Debug|Any CPU
		{13299776-0CB6-4CCB-90FF-444D0026465E}.Debug|Any CPU.Build.0 = Debug|Any CPU
		{13299776-0CB6-4CCB-90FF-444D0026465E}.Release|Any CPU.ActiveCfg = Release|Any CPU
		{13299776-0CB6-4CCB-90FF-444D0026465E}.Release|Any CPU.Build.0 = Release|Any CPU
		{D055431D-2C6D-4EF9-9D7A-D3485C3D4EBB}.Debug|Any CPU.ActiveCfg = Debug|Any CPU
		{D055431D-2C6D-4EF9-9D7A-D3485C3D4EBB}.Debug|Any CPU.Build.0 = Debug|Any CPU
		{D055431D-2C6D-4EF9-9D7A-D3485C3D4EBB}.Release|Any CPU.ActiveCfg = Release|Any CPU
		{D055431D-2C6D-4EF9-9D7A-D3485C3D4EBB}.Release|Any CPU.Build.0 = Release|Any CPU
	EndGlobalSection
	GlobalSection(SolutionProperties) = preSolution
		HideSolutionNode = FALSE
	EndGlobalSection
	GlobalSection(ExtensibilityGlobals) = postSolution
		SolutionGuid = {37748F6A-A28A-4EBE-A9D9-C4040D9995A9}
	EndGlobalSection
EndGlobal
