
Microsoft Visual Studio Solution File, Format Version 12.00
# Visual Studio Version 17
VisualStudioVersion = 17.4.33122.133
MinimumVisualStudioVersion = 10.0.40219.1
Project("{FAE04EC0-301F-11D3-BF4B-00C04F79EFBC}") = "tutorials", "tutorials\tutorials.csproj", "{C06087FE-BAC1-400B-B66B-257644E86AC9}"
EndProject
Project("{FAE04EC0-301F-11D3-BF4B-00C04F79EFBC}") = "datatype_method", "datatype_method\datatype_method.csproj", "{F0D637B7-98DE-4C65-9703-1A8ED38AFE60}"
EndProject
Project("{FAE04EC0-301F-11D3-BF4B-00C04F79EFBC}") = "passby_value", "passby_value_and_reference\passby_value.csproj", "{A6B615F8-481A-4E34-AEC9-7BD623BE7E61}"
EndProject
Project("{FAE04EC0-301F-11D3-BF4B-00C04F79EFBC}") = "Pass_by_Reference", "Pass_by_\Pass_by_Reference.csproj", "{8C4FD94C-9EB7-4492-9D0A-87172E2DB462}"
EndProject
Project("{FAE04EC0-301F-11D3-BF4B-00C04F79EFBC}") = "Out_Parameter", "Out\Out_Parameter.csproj", "{5397A123-796B-4A0D-B9F2-0692E860795C}"
EndProject
Global
	GlobalSection(SolutionConfigurationPlatforms) = preSolution
		Debug|Any CPU = Debug|Any CPU
		Release|Any CPU = Release|Any CPU
	EndGlobalSection
	GlobalSection(ProjectConfigurationPlatforms) = postSolution
		{C06087FE-BAC1-400B-B66B-257644E86AC9}.Debug|Any CPU.ActiveCfg = Debug|Any CPU
		{C06087FE-BAC1-400B-B66B-257644E86AC9}.Debug|Any CPU.Build.0 = Debug|Any CPU
		{C06087FE-BAC1-400B-B66B-257644E86AC9}.Release|Any CPU.ActiveCfg = Release|Any CPU
		{C06087FE-BAC1-400B-B66B-257644E86AC9}.Release|Any CPU.Build.0 = Release|Any CPU
		{F0D637B7-98DE-4C65-9703-1A8ED38AFE60}.Debug|Any CPU.ActiveCfg = Debug|Any CPU
		{F0D637B7-98DE-4C65-9703-1A8ED38AFE60}.Debug|Any CPU.Build.0 = Debug|Any CPU
		{F0D637B7-98DE-4C65-9703-1A8ED38AFE60}.Release|Any CPU.ActiveCfg = Release|Any CPU
		{F0D637B7-98DE-4C65-9703-1A8ED38AFE60}.Release|Any CPU.Build.0 = Release|Any CPU
		{A6B615F8-481A-4E34-AEC9-7BD623BE7E61}.Debug|Any CPU.ActiveCfg = Debug|Any CPU
		{A6B615F8-481A-4E34-AEC9-7BD623BE7E61}.Debug|Any CPU.Build.0 = Debug|Any CPU
		{A6B615F8-481A-4E34-AEC9-7BD623BE7E61}.Release|Any CPU.ActiveCfg = Release|Any CPU
		{A6B615F8-481A-4E34-AEC9-7BD623BE7E61}.Release|Any CPU.Build.0 = Release|Any CPU
		{8C4FD94C-9EB7-4492-9D0A-87172E2DB462}.Debug|Any CPU.ActiveCfg = Debug|Any CPU
		{8C4FD94C-9EB7-4492-9D0A-87172E2DB462}.Debug|Any CPU.Build.0 = Debug|Any CPU
		{8C4FD94C-9EB7-4492-9D0A-87172E2DB462}.Release|Any CPU.ActiveCfg = Release|Any CPU
		{8C4FD94C-9EB7-4492-9D0A-87172E2DB462}.Release|Any CPU.Build.0 = Release|Any CPU
		{5397A123-796B-4A0D-B9F2-0692E860795C}.Debug|Any CPU.ActiveCfg = Debug|Any CPU
		{5397A123-796B-4A0D-B9F2-0692E860795C}.Debug|Any CPU.Build.0 = Debug|Any CPU
		{5397A123-796B-4A0D-B9F2-0692E860795C}.Release|Any CPU.ActiveCfg = Release|Any CPU
		{5397A123-796B-4A0D-B9F2-0692E860795C}.Release|Any CPU.Build.0 = Release|Any CPU
	EndGlobalSection
	GlobalSection(SolutionProperties) = preSolution
		HideSolutionNode = FALSE
	EndGlobalSection
	GlobalSection(ExtensibilityGlobals) = postSolution
		SolutionGuid = {74C68696-DBA9-422F-859D-152A756B4172}
	EndGlobalSection
EndGlobal
