
Microsoft Visual Studio Solution File, Format Version 12.00
# Visual Studio Version 17
VisualStudioVersion = 17.4.33122.133
MinimumVisualStudioVersion = 10.0.40219.1
Project("{FAE04EC0-301F-11D3-BF4B-00C04F79EFBC}") = "tutorials", "tutorials\tutorials.csproj", "{C06087FE-BAC1-400B-B66B-257644E86AC9}"
EndProject
Project("{FAE04EC0-301F-11D3-BF4B-00C04F79EFBC}") = "datatype_method", "datatype_method\datatype_method.csproj", "{F0D637B7-98DE-4C65-9703-1A8ED38AFE60}"
EndProject
Project("{FAE04EC0-301F-11D3-BF4B-00C04F79EFBC}") = "passby_value", "passby_value_and_reference\passby_value.csproj", "{A6B615F8-481A-4E34-AEC9-7BD623BE7E61}"
EndProject
Project("{FAE04EC0-301F-11D3-BF4B-00C04F79EFBC}") = "Pass_by_Reference", "Pass_by_\Pass_by_Reference.csproj", "{8C4FD94C-9EB7-4492-9D0A-87172E2DB462}"
EndProject
Project("{FAE04EC0-301F-11D3-BF4B-00C04F79EFBC}") = "Out_Parameter", "Out\Out_Parameter.csproj", "{5397A123-796B-4A0D-B9F2-0692E860795C}"
EndProject
Project("{FAE04EC0-301F-11D3-BF4B-00C04F79EFBC}") = "Parameter_arrays", "Parameter_arrays\Parameter_arrays.csproj", "{148E13E8-ADD3-4F97-98CF-927CAEFFD751}"
EndProject
Project("{FAE04EC0-301F-11D3-BF4B-00C04F79EFBC}") = "Namespace_tutorial", "Namespace_tutorial\Namespace_tutorial.csproj", "{D1AE0E30-21B8-4722-8DCD-3C23B4F2D221}"
EndProject
Project("{FAE04EC0-301F-11D3-BF4B-00C04F79EFBC}") = "Software", "Software\Software.csproj", "{76C6839E-5823-476A-8BB6-CBD6DD4EE766}"
EndProject
Project("{FAE04EC0-301F-11D3-BF4B-00C04F79EFBC}") = "Introduction_to_Class", "Introduction_to_Class\Introduction_to_Class.csproj", "{85801712-05CA-4A63-8CA1-9CA7AFDF1B50}"
EndProject
Project("{FAE04EC0-301F-11D3-BF4B-00C04F79EFBC}") = "Static_instance_members", "Static_instance_members\Static_instance_members.csproj", "{A3CDA750-95D0-43C5-8C7F-E8F8F7FBE611}"
EndProject
Project("{FAE04EC0-301F-11D3-BF4B-00C04F79EFBC}") = "Inheritance", "Inheritance\Inheritance.csproj", "{9322F58E-7287-42E5-8D64-1075E1EDFC81}"
EndProject
Project("{FAE04EC0-301F-11D3-BF4B-00C04F79EFBC}") = "simple_Inheritance", "simple_Inheritance\simple_Inheritance.csproj", "{5111D111-62A0-4022-AEA8-B4B6BB761566}"
EndProject
Project("{FAE04EC0-301F-11D3-BF4B-00C04F79EFBC}") = "method_hiding", "method_hiding\method_hiding.csproj", "{536C7E55-84B5-4B91-B068-D6E33E867144}"
EndProject
Project("{FAE04EC0-301F-11D3-BF4B-00C04F79EFBC}") = "polymorphism", "polymorphism\polymorphism.csproj", "{EBBA3181-2B30-40A3-929E-BE264EEE5A2B}"
EndProject
Project("{FAE04EC0-301F-11D3-BF4B-00C04F79EFBC}") = "Polymorphism_basics", "Polymorphism_basics\Polymorphism_basics.csproj", "{D50E70AF-257D-435E-BDEF-B42B612EE68B}"
EndProject
Project("{FAE04EC0-301F-11D3-BF4B-00C04F79EFBC}") = "method_overloading", "method_overloading\method_overloading.csproj", "{EB1C193E-A599-46D2-9BD9-0F5D054A2527}"
EndProject
Project("{FAE04EC0-301F-11D3-BF4B-00C04F79EFBC}") = "Properties", "Properties\Properties.csproj", "{B2F11032-E12D-4BEE-AB52-900C1E4B9CDE}"
EndProject
Global
	GlobalSection(SolutionConfigurationPlatforms) = preSolution
		Debug|Any CPU = Debug|Any CPU
		Release|Any CPU = Release|Any CPU
	EndGlobalSection
	GlobalSection(ProjectConfigurationPlatforms) = postSolution
		{C06087FE-BAC1-400B-B66B-257644E86AC9}.Debug|Any CPU.ActiveCfg = Debug|Any CPU
		{C06087FE-BAC1-400B-B66B-257644E86AC9}.Debug|Any CPU.Build.0 = Debug|Any CPU
		{C06087FE-BAC1-400B-B66B-257644E86AC9}.Release|Any CPU.ActiveCfg = Release|Any CPU
		{C06087FE-BAC1-400B-B66B-257644E86AC9}.Release|Any CPU.Build.0 = Release|Any CPU
		{F0D637B7-98DE-4C65-9703-1A8ED38AFE60}.Debug|Any CPU.ActiveCfg = Debug|Any CPU
		{F0D637B7-98DE-4C65-9703-1A8ED38AFE60}.Debug|Any CPU.Build.0 = Debug|Any CPU
		{F0D637B7-98DE-4C65-9703-1A8ED38AFE60}.Release|Any CPU.ActiveCfg = Release|Any CPU
		{F0D637B7-98DE-4C65-9703-1A8ED38AFE60}.Release|Any CPU.Build.0 = Release|Any CPU
		{A6B615F8-481A-4E34-AEC9-7BD623BE7E61}.Debug|Any CPU.ActiveCfg = Debug|Any CPU
		{A6B615F8-481A-4E34-AEC9-7BD623BE7E61}.Debug|Any CPU.Build.0 = Debug|Any CPU
		{A6B615F8-481A-4E34-AEC9-7BD623BE7E61}.Release|Any CPU.ActiveCfg = Release|Any CPU
		{A6B615F8-481A-4E34-AEC9-7BD623BE7E61}.Release|Any CPU.Build.0 = Release|Any CPU
		{8C4FD94C-9EB7-4492-9D0A-87172E2DB462}.Debug|Any CPU.ActiveCfg = Debug|Any CPU
		{8C4FD94C-9EB7-4492-9D0A-87172E2DB462}.Debug|Any CPU.Build.0 = Debug|Any CPU
		{8C4FD94C-9EB7-4492-9D0A-87172E2DB462}.Release|Any CPU.ActiveCfg = Release|Any CPU
		{8C4FD94C-9EB7-4492-9D0A-87172E2DB462}.Release|Any CPU.Build.0 = Release|Any CPU
		{5397A123-796B-4A0D-B9F2-0692E860795C}.Debug|Any CPU.ActiveCfg = Debug|Any CPU
		{5397A123-796B-4A0D-B9F2-0692E860795C}.Debug|Any CPU.Build.0 = Debug|Any CPU
		{5397A123-796B-4A0D-B9F2-0692E860795C}.Release|Any CPU.ActiveCfg = Release|Any CPU
		{5397A123-796B-4A0D-B9F2-0692E860795C}.Release|Any CPU.Build.0 = Release|Any CPU
		{148E13E8-ADD3-4F97-98CF-927CAEFFD751}.Debug|Any CPU.ActiveCfg = Debug|Any CPU
		{148E13E8-ADD3-4F97-98CF-927CAEFFD751}.Debug|Any CPU.Build.0 = Debug|Any CPU
		{148E13E8-ADD3-4F97-98CF-927CAEFFD751}.Release|Any CPU.ActiveCfg = Release|Any CPU
		{148E13E8-ADD3-4F97-98CF-927CAEFFD751}.Release|Any CPU.Build.0 = Release|Any CPU
		{D1AE0E30-21B8-4722-8DCD-3C23B4F2D221}.Debug|Any CPU.ActiveCfg = Debug|Any CPU
		{D1AE0E30-21B8-4722-8DCD-3C23B4F2D221}.Debug|Any CPU.Build.0 = Debug|Any CPU
		{D1AE0E30-21B8-4722-8DCD-3C23B4F2D221}.Release|Any CPU.ActiveCfg = Release|Any CPU
		{D1AE0E30-21B8-4722-8DCD-3C23B4F2D221}.Release|Any CPU.Build.0 = Release|Any CPU
		{76C6839E-5823-476A-8BB6-CBD6DD4EE766}.Debug|Any CPU.ActiveCfg = Debug|Any CPU
		{76C6839E-5823-476A-8BB6-CBD6DD4EE766}.Debug|Any CPU.Build.0 = Debug|Any CPU
		{76C6839E-5823-476A-8BB6-CBD6DD4EE766}.Release|Any CPU.ActiveCfg = Release|Any CPU
		{76C6839E-5823-476A-8BB6-CBD6DD4EE766}.Release|Any CPU.Build.0 = Release|Any CPU
		{85801712-05CA-4A63-8CA1-9CA7AFDF1B50}.Debug|Any CPU.ActiveCfg = Debug|Any CPU
		{85801712-05CA-4A63-8CA1-9CA7AFDF1B50}.Debug|Any CPU.Build.0 = Debug|Any CPU
		{85801712-05CA-4A63-8CA1-9CA7AFDF1B50}.Release|Any CPU.ActiveCfg = Release|Any CPU
		{85801712-05CA-4A63-8CA1-9CA7AFDF1B50}.Release|Any CPU.Build.0 = Release|Any CPU
		{A3CDA750-95D0-43C5-8C7F-E8F8F7FBE611}.Debug|Any CPU.ActiveCfg = Debug|Any CPU
		{A3CDA750-95D0-43C5-8C7F-E8F8F7FBE611}.Debug|Any CPU.Build.0 = Debug|Any CPU
		{A3CDA750-95D0-43C5-8C7F-E8F8F7FBE611}.Release|Any CPU.ActiveCfg = Release|Any CPU
		{A3CDA750-95D0-43C5-8C7F-E8F8F7FBE611}.Release|Any CPU.Build.0 = Release|Any CPU
		{9322F58E-7287-42E5-8D64-1075E1EDFC81}.Debug|Any CPU.ActiveCfg = Debug|Any CPU
		{9322F58E-7287-42E5-8D64-1075E1EDFC81}.Debug|Any CPU.Build.0 = Debug|Any CPU
		{9322F58E-7287-42E5-8D64-1075E1EDFC81}.Release|Any CPU.ActiveCfg = Release|Any CPU
		{9322F58E-7287-42E5-8D64-1075E1EDFC81}.Release|Any CPU.Build.0 = Release|Any CPU
		{5111D111-62A0-4022-AEA8-B4B6BB761566}.Debug|Any CPU.ActiveCfg = Debug|Any CPU
		{5111D111-62A0-4022-AEA8-B4B6BB761566}.Debug|Any CPU.Build.0 = Debug|Any CPU
		{5111D111-62A0-4022-AEA8-B4B6BB761566}.Release|Any CPU.ActiveCfg = Release|Any CPU
		{5111D111-62A0-4022-AEA8-B4B6BB761566}.Release|Any CPU.Build.0 = Release|Any CPU
		{536C7E55-84B5-4B91-B068-D6E33E867144}.Debug|Any CPU.ActiveCfg = Debug|Any CPU
		{536C7E55-84B5-4B91-B068-D6E33E867144}.Debug|Any CPU.Build.0 = Debug|Any CPU
		{536C7E55-84B5-4B91-B068-D6E33E867144}.Release|Any CPU.ActiveCfg = Release|Any CPU
		{536C7E55-84B5-4B91-B068-D6E33E867144}.Release|Any CPU.Build.0 = Release|Any CPU
		{EBBA3181-2B30-40A3-929E-BE264EEE5A2B}.Debug|Any CPU.ActiveCfg = Debug|Any CPU
		{EBBA3181-2B30-40A3-929E-BE264EEE5A2B}.Debug|Any CPU.Build.0 = Debug|Any CPU
		{EBBA3181-2B30-40A3-929E-BE264EEE5A2B}.Release|Any CPU.ActiveCfg = Release|Any CPU
		{EBBA3181-2B30-40A3-929E-BE264EEE5A2B}.Release|Any CPU.Build.0 = Release|Any CPU
		{D50E70AF-257D-435E-BDEF-B42B612EE68B}.Debug|Any CPU.ActiveCfg = Debug|Any CPU
		{D50E70AF-257D-435E-BDEF-B42B612EE68B}.Debug|Any CPU.Build.0 = Debug|Any CPU
		{D50E70AF-257D-435E-BDEF-B42B612EE68B}.Release|Any CPU.ActiveCfg = Release|Any CPU
		{D50E70AF-257D-435E-BDEF-B42B612EE68B}.Release|Any CPU.Build.0 = Release|Any CPU
		{EB1C193E-A599-46D2-9BD9-0F5D054A2527}.Debug|Any CPU.ActiveCfg = Debug|Any CPU
		{EB1C193E-A599-46D2-9BD9-0F5D054A2527}.Debug|Any CPU.Build.0 = Debug|Any CPU
		{EB1C193E-A599-46D2-9BD9-0F5D054A2527}.Release|Any CPU.ActiveCfg = Release|Any CPU
		{EB1C193E-A599-46D2-9BD9-0F5D054A2527}.Release|Any CPU.Build.0 = Release|Any CPU
		{B2F11032-E12D-4BEE-AB52-900C1E4B9CDE}.Debug|Any CPU.ActiveCfg = Debug|Any CPU
		{B2F11032-E12D-4BEE-AB52-900C1E4B9CDE}.Debug|Any CPU.Build.0 = Debug|Any CPU
		{B2F11032-E12D-4BEE-AB52-900C1E4B9CDE}.Release|Any CPU.ActiveCfg = Release|Any CPU
		{B2F11032-E12D-4BEE-AB52-900C1E4B9CDE}.Release|Any CPU.Build.0 = Release|Any CPU
	EndGlobalSection
	GlobalSection(SolutionProperties) = preSolution
		HideSolutionNode = FALSE
	EndGlobalSection
	GlobalSection(ExtensibilityGlobals) = postSolution
		SolutionGuid = {74C68696-DBA9-422F-859D-152A756B4172}
	EndGlobalSection
EndGlobal
