
Microsoft Visual Studio Solution File, Format Version 12.00
# Visual Studio Version 17
VisualStudioVersion = 17.4.33122.133
MinimumVisualStudioVersion = 10.0.40219.1
Project("{FAE04EC0-301F-11D3-BF4B-00C04F79EFBC}") = "tutorials", "tutorials\tutorials.csproj", "{C06087FE-BAC1-400B-B66B-257644E86AC9}"
EndProject
Project("{FAE04EC0-301F-11D3-BF4B-00C04F79EFBC}") = "datatype_method", "datatype_method\datatype_method.csproj", "{F0D637B7-98DE-4C65-9703-1A8ED38AFE60}"
EndProject
Project("{FAE04EC0-301F-11D3-BF4B-00C04F79EFBC}") = "passby_value", "passby_value_and_reference\passby_value.csproj", "{A6B615F8-481A-4E34-AEC9-7BD623BE7E61}"
EndProject
Project("{FAE04EC0-301F-11D3-BF4B-00C04F79EFBC}") = "Pass_by_Reference", "Pass_by_\Pass_by_Reference.csproj", "{8C4FD94C-9EB7-4492-9D0A-87172E2DB462}"
EndProject
Project("{FAE04EC0-301F-11D3-BF4B-00C04F79EFBC}") = "Out_Parameter", "Out\Out_Parameter.csproj", "{5397A123-796B-4A0D-B9F2-0692E860795C}"
EndProject
Project("{FAE04EC0-301F-11D3-BF4B-00C04F79EFBC}") = "Parameter_arrays", "Parameter_arrays\Parameter_arrays.csproj", "{148E13E8-ADD3-4F97-98CF-927CAEFFD751}"
EndProject
Project("{FAE04EC0-301F-11D3-BF4B-00C04F79EFBC}") = "Namespace_tutorial", "Namespace_tutorial\Namespace_tutorial.csproj", "{D1AE0E30-21B8-4722-8DCD-3C23B4F2D221}"
EndProject
Project("{FAE04EC0-301F-11D3-BF4B-00C04F79EFBC}") = "Software", "Software\Software.csproj", "{76C6839E-5823-476A-8BB6-CBD6DD4EE766}"
EndProject
Project("{FAE04EC0-301F-11D3-BF4B-00C04F79EFBC}") = "Introduction_to_Class", "Introduction_to_Class\Introduction_to_Class.csproj", "{85801712-05CA-4A63-8CA1-9CA7AFDF1B50}"
EndProject
Project("{FAE04EC0-301F-11D3-BF4B-00C04F79EFBC}") = "Static_instance_members", "Static_instance_members\Static_instance_members.csproj", "{A3CDA750-95D0-43C5-8C7F-E8F8F7FBE611}"
EndProject
Project("{FAE04EC0-301F-11D3-BF4B-00C04F79EFBC}") = "Inheritance", "Inheritance\Inheritance.csproj", "{9322F58E-7287-42E5-8D64-1075E1EDFC81}"
EndProject
Project("{FAE04EC0-301F-11D3-BF4B-00C04F79EFBC}") = "simple_Inheritance", "simple_Inheritance\simple_Inheritance.csproj", "{5111D111-62A0-4022-AEA8-B4B6BB761566}"
EndProject
Project("{FAE04EC0-301F-11D3-BF4B-00C04F79EFBC}") = "method_hiding", "method_hiding\method_hiding.csproj", "{536C7E55-84B5-4B91-B068-D6E33E867144}"
EndProject
Project("{FAE04EC0-301F-11D3-BF4B-00C04F79EFBC}") = "polymorphism", "polymorphism\polymorphism.csproj", "{EBBA3181-2B30-40A3-929E-BE264EEE5A2B}"
EndProject
Project("{FAE04EC0-301F-11D3-BF4B-00C04F79EFBC}") = "Polymorphism_basics", "Polymorphism_basics\Polymorphism_basics.csproj", "{D50E70AF-257D-435E-BDEF-B42B612EE68B}"
EndProject
Project("{FAE04EC0-301F-11D3-BF4B-00C04F79EFBC}") = "method_overloading", "method_overloading\method_overloading.csproj", "{EB1C193E-A599-46D2-9BD9-0F5D054A2527}"
EndProject
Project("{FAE04EC0-301F-11D3-BF4B-00C04F79EFBC}") = "Properties", "Properties\Properties.csproj", "{B2F11032-E12D-4BEE-AB52-900C1E4B9CDE}"
EndProject
Project("{FAE04EC0-301F-11D3-BF4B-00C04F79EFBC}") = "Get_Set_Method", "Get_Set_Method\Get_Set_Method.csproj", "{98194D98-D54A-4C2A-99BE-4F6581B277BE}"
EndProject
Project("{FAE04EC0-301F-11D3-BF4B-00C04F79EFBC}") = "practice", "practice\practice.csproj", "{ECA4E8BF-2B35-4374-B494-E313DE930FEE}"
EndProject
Project("{FAE04EC0-301F-11D3-BF4B-00C04F79EFBC}") = "types_of_constructor", "types_of_constructor\types_of_constructor.csproj", "{12F531EA-DF60-4E44-A0F8-0429DA0267D7}"
EndProject
Project("{FAE04EC0-301F-11D3-BF4B-00C04F79EFBC}") = "Variables__of_class", "Variables__of_class\Variables__of_class.csproj", "{A83AF2E9-D2E6-4EF0-A594-70A1DA026C01}"
EndProject
Project("{FAE04EC0-301F-11D3-BF4B-00C04F79EFBC}") = "inheritance_by_raju", "inheritance_by_raju\inheritance_by_raju.csproj", "{B2CF5228-0934-436C-BA2B-9DF3E06990CB}"
EndProject
Project("{FAE04EC0-301F-11D3-BF4B-00C04F79EFBC}") = "overload_VS_overriding", "overload_VS_overriding\overload_VS_overriding.csproj", "{2FF2E891-503F-411A-A296-42CF80512D4A}"
EndProject
Project("{FAE04EC0-301F-11D3-BF4B-00C04F79EFBC}") = "overriding_vs_hiding", "overriding_vs_hiding\overriding_vs_hiding.csproj", "{93C66C3F-B672-4A3E-960B-788BF095EAB9}"
EndProject
Project("{FAE04EC0-301F-11D3-BF4B-00C04F79EFBC}") = "Operator_overloading", "Operator_overloading\Operator_overloading.csproj", "{EF547E60-497E-4716-A9BE-483A709EA0F9}"
EndProject
Project("{FAE04EC0-301F-11D3-BF4B-00C04F79EFBC}") = "Abstract_Class", "Abstract_Class\Abstract_Class.csproj", "{56CFE725-BC5F-48E3-BDF2-AD8A5EA2D852}"
EndProject
Project("{FAE04EC0-301F-11D3-BF4B-00C04F79EFBC}") = "Figure_abstract_application", "Figure_abstract_application\Figure_abstract_application.csproj", "{E00517CA-EE0C-4931-9A19-D347EFAE8613}"
EndProject
Project("{FAE04EC0-301F-11D3-BF4B-00C04F79EFBC}") = "Implementation_of_interface", "Implementation_of_interface\Implementation_of_interface.csproj", "{91E7DEFA-2AC9-4767-9F7D-E84E0232291A}"
EndProject
Project("{FAE04EC0-301F-11D3-BF4B-00C04F79EFBC}") = "structures", "structures\structures.csproj", "{70EB3625-89E6-42D6-9C9C-B86273316CE3}"
EndProject
Project("{FAE04EC0-301F-11D3-BF4B-00C04F79EFBC}") = "Enumeration", "Enumeration\Enumeration.csproj", "{F158AC22-D978-4AC0-A844-CB43835C7D1B}"
EndProject
Project("{FAE04EC0-301F-11D3-BF4B-00C04F79EFBC}") = "Get_set_methods", "Get_set_methods\Get_set_methods.csproj", "{D8BB2830-1E49-4771-8DD3-DDDA8B4A086D}"
EndProject
Global
	GlobalSection(SolutionConfigurationPlatforms) = preSolution
		Debug|Any CPU = Debug|Any CPU
		Release|Any CPU = Release|Any CPU
	EndGlobalSection
	GlobalSection(ProjectConfigurationPlatforms) = postSolution
		{C06087FE-BAC1-400B-B66B-257644E86AC9}.Debug|Any CPU.ActiveCfg = Debug|Any CPU
		{C06087FE-BAC1-400B-B66B-257644E86AC9}.Debug|Any CPU.Build.0 = Debug|Any CPU
		{C06087FE-BAC1-400B-B66B-257644E86AC9}.Release|Any CPU.ActiveCfg = Release|Any CPU
		{C06087FE-BAC1-400B-B66B-257644E86AC9}.Release|Any CPU.Build.0 = Release|Any CPU
		{F0D637B7-98DE-4C65-9703-1A8ED38AFE60}.Debug|Any CPU.ActiveCfg = Debug|Any CPU
		{F0D637B7-98DE-4C65-9703-1A8ED38AFE60}.Debug|Any CPU.Build.0 = Debug|Any CPU
		{F0D637B7-98DE-4C65-9703-1A8ED38AFE60}.Release|Any CPU.ActiveCfg = Release|Any CPU
		{F0D637B7-98DE-4C65-9703-1A8ED38AFE60}.Release|Any CPU.Build.0 = Release|Any CPU
		{A6B615F8-481A-4E34-AEC9-7BD623BE7E61}.Debug|Any CPU.ActiveCfg = Debug|Any CPU
		{A6B615F8-481A-4E34-AEC9-7BD623BE7E61}.Debug|Any CPU.Build.0 = Debug|Any CPU
		{A6B615F8-481A-4E34-AEC9-7BD623BE7E61}.Release|Any CPU.ActiveCfg = Release|Any CPU
		{A6B615F8-481A-4E34-AEC9-7BD623BE7E61}.Release|Any CPU.Build.0 = Release|Any CPU
		{8C4FD94C-9EB7-4492-9D0A-87172E2DB462}.Debug|Any CPU.ActiveCfg = Debug|Any CPU
		{8C4FD94C-9EB7-4492-9D0A-87172E2DB462}.Debug|Any CPU.Build.0 = Debug|Any CPU
		{8C4FD94C-9EB7-4492-9D0A-87172E2DB462}.Release|Any CPU.ActiveCfg = Release|Any CPU
		{8C4FD94C-9EB7-4492-9D0A-87172E2DB462}.Release|Any CPU.Build.0 = Release|Any CPU
		{5397A123-796B-4A0D-B9F2-0692E860795C}.Debug|Any CPU.ActiveCfg = Debug|Any CPU
		{5397A123-796B-4A0D-B9F2-0692E860795C}.Debug|Any CPU.Build.0 = Debug|Any CPU
		{5397A123-796B-4A0D-B9F2-0692E860795C}.Release|Any CPU.ActiveCfg = Release|Any CPU
		{5397A123-796B-4A0D-B9F2-0692E860795C}.Release|Any CPU.Build.0 = Release|Any CPU
		{148E13E8-ADD3-4F97-98CF-927CAEFFD751}.Debug|Any CPU.ActiveCfg = Debug|Any CPU
		{148E13E8-ADD3-4F97-98CF-927CAEFFD751}.Debug|Any CPU.Build.0 = Debug|Any CPU
		{148E13E8-ADD3-4F97-98CF-927CAEFFD751}.Release|Any CPU.ActiveCfg = Release|Any CPU
		{148E13E8-ADD3-4F97-98CF-927CAEFFD751}.Release|Any CPU.Build.0 = Release|Any CPU
		{D1AE0E30-21B8-4722-8DCD-3C23B4F2D221}.Debug|Any CPU.ActiveCfg = Debug|Any CPU
		{D1AE0E30-21B8-4722-8DCD-3C23B4F2D221}.Debug|Any CPU.Build.0 = Debug|Any CPU
		{D1AE0E30-21B8-4722-8DCD-3C23B4F2D221}.Release|Any CPU.ActiveCfg = Release|Any CPU
		{D1AE0E30-21B8-4722-8DCD-3C23B4F2D221}.Release|Any CPU.Build.0 = Release|Any CPU
		{76C6839E-5823-476A-8BB6-CBD6DD4EE766}.Debug|Any CPU.ActiveCfg = Debug|Any CPU
		{76C6839E-5823-476A-8BB6-CBD6DD4EE766}.Debug|Any CPU.Build.0 = Debug|Any CPU
		{76C6839E-5823-476A-8BB6-CBD6DD4EE766}.Release|Any CPU.ActiveCfg = Release|Any CPU
		{76C6839E-5823-476A-8BB6-CBD6DD4EE766}.Release|Any CPU.Build.0 = Release|Any CPU
		{85801712-05CA-4A63-8CA1-9CA7AFDF1B50}.Debug|Any CPU.ActiveCfg = Debug|Any CPU
		{85801712-05CA-4A63-8CA1-9CA7AFDF1B50}.Debug|Any CPU.Build.0 = Debug|Any CPU
		{85801712-05CA-4A63-8CA1-9CA7AFDF1B50}.Release|Any CPU.ActiveCfg = Release|Any CPU
		{85801712-05CA-4A63-8CA1-9CA7AFDF1B50}.Release|Any CPU.Build.0 = Release|Any CPU
		{A3CDA750-95D0-43C5-8C7F-E8F8F7FBE611}.Debug|Any CPU.ActiveCfg = Debug|Any CPU
		{A3CDA750-95D0-43C5-8C7F-E8F8F7FBE611}.Debug|Any CPU.Build.0 = Debug|Any CPU
		{A3CDA750-95D0-43C5-8C7F-E8F8F7FBE611}.Release|Any CPU.ActiveCfg = Release|Any CPU
		{A3CDA750-95D0-43C5-8C7F-E8F8F7FBE611}.Release|Any CPU.Build.0 = Release|Any CPU
		{9322F58E-7287-42E5-8D64-1075E1EDFC81}.Debug|Any CPU.ActiveCfg = Debug|Any CPU
		{9322F58E-7287-42E5-8D64-1075E1EDFC81}.Debug|Any CPU.Build.0 = Debug|Any CPU
		{9322F58E-7287-42E5-8D64-1075E1EDFC81}.Release|Any CPU.ActiveCfg = Release|Any CPU
		{9322F58E-7287-42E5-8D64-1075E1EDFC81}.Release|Any CPU.Build.0 = Release|Any CPU
		{5111D111-62A0-4022-AEA8-B4B6BB761566}.Debug|Any CPU.ActiveCfg = Debug|Any CPU
		{5111D111-62A0-4022-AEA8-B4B6BB761566}.Debug|Any CPU.Build.0 = Debug|Any CPU
		{5111D111-62A0-4022-AEA8-B4B6BB761566}.Release|Any CPU.ActiveCfg = Release|Any CPU
		{5111D111-62A0-4022-AEA8-B4B6BB761566}.Release|Any CPU.Build.0 = Release|Any CPU
		{536C7E55-84B5-4B91-B068-D6E33E867144}.Debug|Any CPU.ActiveCfg = Debug|Any CPU
		{536C7E55-84B5-4B91-B068-D6E33E867144}.Debug|Any CPU.Build.0 = Debug|Any CPU
		{536C7E55-84B5-4B91-B068-D6E33E867144}.Release|Any CPU.ActiveCfg = Release|Any CPU
		{536C7E55-84B5-4B91-B068-D6E33E867144}.Release|Any CPU.Build.0 = Release|Any CPU
		{EBBA3181-2B30-40A3-929E-BE264EEE5A2B}.Debug|Any CPU.ActiveCfg = Debug|Any CPU
		{EBBA3181-2B30-40A3-929E-BE264EEE5A2B}.Debug|Any CPU.Build.0 = Debug|Any CPU
		{EBBA3181-2B30-40A3-929E-BE264EEE5A2B}.Release|Any CPU.ActiveCfg = Release|Any CPU
		{EBBA3181-2B30-40A3-929E-BE264EEE5A2B}.Release|Any CPU.Build.0 = Release|Any CPU
		{D50E70AF-257D-435E-BDEF-B42B612EE68B}.Debug|Any CPU.ActiveCfg = Debug|Any CPU
		{D50E70AF-257D-435E-BDEF-B42B612EE68B}.Debug|Any CPU.Build.0 = Debug|Any CPU
		{D50E70AF-257D-435E-BDEF-B42B612EE68B}.Release|Any CPU.ActiveCfg = Release|Any CPU
		{D50E70AF-257D-435E-BDEF-B42B612EE68B}.Release|Any CPU.Build.0 = Release|Any CPU
		{EB1C193E-A599-46D2-9BD9-0F5D054A2527}.Debug|Any CPU.ActiveCfg = Debug|Any CPU
		{EB1C193E-A599-46D2-9BD9-0F5D054A2527}.Debug|Any CPU.Build.0 = Debug|Any CPU
		{EB1C193E-A599-46D2-9BD9-0F5D054A2527}.Release|Any CPU.ActiveCfg = Release|Any CPU
		{EB1C193E-A599-46D2-9BD9-0F5D054A2527}.Release|Any CPU.Build.0 = Release|Any CPU
		{B2F11032-E12D-4BEE-AB52-900C1E4B9CDE}.Debug|Any CPU.ActiveCfg = Debug|Any CPU
		{B2F11032-E12D-4BEE-AB52-900C1E4B9CDE}.Debug|Any CPU.Build.0 = Debug|Any CPU
		{B2F11032-E12D-4BEE-AB52-900C1E4B9CDE}.Release|Any CPU.ActiveCfg = Release|Any CPU
		{B2F11032-E12D-4BEE-AB52-900C1E4B9CDE}.Release|Any CPU.Build.0 = Release|Any CPU
		{98194D98-D54A-4C2A-99BE-4F6581B277BE}.Debug|Any CPU.ActiveCfg = Debug|Any CPU
		{98194D98-D54A-4C2A-99BE-4F6581B277BE}.Debug|Any CPU.Build.0 = Debug|Any CPU
		{98194D98-D54A-4C2A-99BE-4F6581B277BE}.Release|Any CPU.ActiveCfg = Release|Any CPU
		{98194D98-D54A-4C2A-99BE-4F6581B277BE}.Release|Any CPU.Build.0 = Release|Any CPU
		{ECA4E8BF-2B35-4374-B494-E313DE930FEE}.Debug|Any CPU.ActiveCfg = Debug|Any CPU
		{ECA4E8BF-2B35-4374-B494-E313DE930FEE}.Debug|Any CPU.Build.0 = Debug|Any CPU
		{ECA4E8BF-2B35-4374-B494-E313DE930FEE}.Release|Any CPU.ActiveCfg = Release|Any CPU
		{ECA4E8BF-2B35-4374-B494-E313DE930FEE}.Release|Any CPU.Build.0 = Release|Any CPU
		{12F531EA-DF60-4E44-A0F8-0429DA0267D7}.Debug|Any CPU.ActiveCfg = Debug|Any CPU
		{12F531EA-DF60-4E44-A0F8-0429DA0267D7}.Debug|Any CPU.Build.0 = Debug|Any CPU
		{12F531EA-DF60-4E44-A0F8-0429DA0267D7}.Release|Any CPU.ActiveCfg = Release|Any CPU
		{12F531EA-DF60-4E44-A0F8-0429DA0267D7}.Release|Any CPU.Build.0 = Release|Any CPU
		{A83AF2E9-D2E6-4EF0-A594-70A1DA026C01}.Debug|Any CPU.ActiveCfg = Debug|Any CPU
		{A83AF2E9-D2E6-4EF0-A594-70A1DA026C01}.Debug|Any CPU.Build.0 = Debug|Any CPU
		{A83AF2E9-D2E6-4EF0-A594-70A1DA026C01}.Release|Any CPU.ActiveCfg = Release|Any CPU
		{A83AF2E9-D2E6-4EF0-A594-70A1DA026C01}.Release|Any CPU.Build.0 = Release|Any CPU
		{B2CF5228-0934-436C-BA2B-9DF3E06990CB}.Debug|Any CPU.ActiveCfg = Debug|Any CPU
		{B2CF5228-0934-436C-BA2B-9DF3E06990CB}.Debug|Any CPU.Build.0 = Debug|Any CPU
		{B2CF5228-0934-436C-BA2B-9DF3E06990CB}.Release|Any CPU.ActiveCfg = Release|Any CPU
		{B2CF5228-0934-436C-BA2B-9DF3E06990CB}.Release|Any CPU.Build.0 = Release|Any CPU
		{2FF2E891-503F-411A-A296-42CF80512D4A}.Debug|Any CPU.ActiveCfg = Debug|Any CPU
		{2FF2E891-503F-411A-A296-42CF80512D4A}.Debug|Any CPU.Build.0 = Debug|Any CPU
		{2FF2E891-503F-411A-A296-42CF80512D4A}.Release|Any CPU.ActiveCfg = Release|Any CPU
		{2FF2E891-503F-411A-A296-42CF80512D4A}.Release|Any CPU.Build.0 = Release|Any CPU
		{93C66C3F-B672-4A3E-960B-788BF095EAB9}.Debug|Any CPU.ActiveCfg = Debug|Any CPU
		{93C66C3F-B672-4A3E-960B-788BF095EAB9}.Debug|Any CPU.Build.0 = Debug|Any CPU
		{93C66C3F-B672-4A3E-960B-788BF095EAB9}.Release|Any CPU.ActiveCfg = Release|Any CPU
		{93C66C3F-B672-4A3E-960B-788BF095EAB9}.Release|Any CPU.Build.0 = Release|Any CPU
		{EF547E60-497E-4716-A9BE-483A709EA0F9}.Debug|Any CPU.ActiveCfg = Debug|Any CPU
		{EF547E60-497E-4716-A9BE-483A709EA0F9}.Debug|Any CPU.Build.0 = Debug|Any CPU
		{EF547E60-497E-4716-A9BE-483A709EA0F9}.Release|Any CPU.ActiveCfg = Release|Any CPU
		{EF547E60-497E-4716-A9BE-483A709EA0F9}.Release|Any CPU.Build.0 = Release|Any CPU
		{56CFE725-BC5F-48E3-BDF2-AD8A5EA2D852}.Debug|Any CPU.ActiveCfg = Debug|Any CPU
		{56CFE725-BC5F-48E3-BDF2-AD8A5EA2D852}.Debug|Any CPU.Build.0 = Debug|Any CPU
		{56CFE725-BC5F-48E3-BDF2-AD8A5EA2D852}.Release|Any CPU.ActiveCfg = Release|Any CPU
		{56CFE725-BC5F-48E3-BDF2-AD8A5EA2D852}.Release|Any CPU.Build.0 = Release|Any CPU
		{E00517CA-EE0C-4931-9A19-D347EFAE8613}.Debug|Any CPU.ActiveCfg = Debug|Any CPU
		{E00517CA-EE0C-4931-9A19-D347EFAE8613}.Debug|Any CPU.Build.0 = Debug|Any CPU
		{E00517CA-EE0C-4931-9A19-D347EFAE8613}.Release|Any CPU.ActiveCfg = Release|Any CPU
		{E00517CA-EE0C-4931-9A19-D347EFAE8613}.Release|Any CPU.Build.0 = Release|Any CPU
		{91E7DEFA-2AC9-4767-9F7D-E84E0232291A}.Debug|Any CPU.ActiveCfg = Debug|Any CPU
		{91E7DEFA-2AC9-4767-9F7D-E84E0232291A}.Debug|Any CPU.Build.0 = Debug|Any CPU
		{91E7DEFA-2AC9-4767-9F7D-E84E0232291A}.Release|Any CPU.ActiveCfg = Release|Any CPU
		{91E7DEFA-2AC9-4767-9F7D-E84E0232291A}.Release|Any CPU.Build.0 = Release|Any CPU
		{70EB3625-89E6-42D6-9C9C-B86273316CE3}.Debug|Any CPU.ActiveCfg = Debug|Any CPU
		{70EB3625-89E6-42D6-9C9C-B86273316CE3}.Debug|Any CPU.Build.0 = Debug|Any CPU
		{70EB3625-89E6-42D6-9C9C-B86273316CE3}.Release|Any CPU.ActiveCfg = Release|Any CPU
		{70EB3625-89E6-42D6-9C9C-B86273316CE3}.Release|Any CPU.Build.0 = Release|Any CPU
		{F158AC22-D978-4AC0-A844-CB43835C7D1B}.Debug|Any CPU.ActiveCfg = Debug|Any CPU
		{F158AC22-D978-4AC0-A844-CB43835C7D1B}.Debug|Any CPU.Build.0 = Debug|Any CPU
		{F158AC22-D978-4AC0-A844-CB43835C7D1B}.Release|Any CPU.ActiveCfg = Release|Any CPU
		{F158AC22-D978-4AC0-A844-CB43835C7D1B}.Release|Any CPU.Build.0 = Release|Any CPU
		{D8BB2830-1E49-4771-8DD3-DDDA8B4A086D}.Debug|Any CPU.ActiveCfg = Debug|Any CPU
		{D8BB2830-1E49-4771-8DD3-DDDA8B4A086D}.Debug|Any CPU.Build.0 = Debug|Any CPU
		{D8BB2830-1E49-4771-8DD3-DDDA8B4A086D}.Release|Any CPU.ActiveCfg = Release|Any CPU
		{D8BB2830-1E49-4771-8DD3-DDDA8B4A086D}.Release|Any CPU.Build.0 = Release|Any CPU
	EndGlobalSection
	GlobalSection(SolutionProperties) = preSolution
		HideSolutionNode = FALSE
	EndGlobalSection
	GlobalSection(ExtensibilityGlobals) = postSolution
		SolutionGuid = {74C68696-DBA9-422F-859D-152A756B4172}
	EndGlobalSection
EndGlobal
