
Microsoft Visual Studio Solution File, Format Version 12.00
# Visual Studio Version 17
VisualStudioVersion = 17.4.33205.214
MinimumVisualStudioVersion = 10.0.40219.1
Project("{FAE04EC0-301F-11D3-BF4B-00C04F79EFBC}") = "ExtensionMethods", "ExtensionMethods.csproj", "{EA20FEC8-1CE9-430B-9DFA-C85C5700AEFB}"
EndProject
Global
	GlobalSection(SolutionConfigurationPlatforms) = preSolution
		Debug|Any CPU = Debug|Any CPU
		Release|Any CPU = Release|Any CPU
	EndGlobalSection
	GlobalSection(ProjectConfigurationPlatforms) = postSolution
		{EA20FEC8-1CE9-430B-9DFA-C85C5700AEFB}.Debug|Any CPU.ActiveCfg = Debug|Any CPU
		{EA20FEC8-1CE9-430B-9DFA-C85C5700AEFB}.Debug|Any CPU.Build.0 = Debug|Any CPU
		{EA20FEC8-1CE9-430B-9DFA-C85C5700AEFB}.Release|Any CPU.ActiveCfg = Release|Any CPU
		{EA20FEC8-1CE9-430B-9DFA-C85C5700AEFB}.Release|Any CPU.Build.0 = Release|Any CPU
	EndGlobalSection
	GlobalSection(SolutionProperties) = preSolution
		HideSolutionNode = FALSE
	EndGlobalSection
	GlobalSection(ExtensibilityGlobals) = postSolution
		SolutionGuid = {8C173D47-967D-4D35-A208-A1E591EF03B2}
	EndGlobalSection
EndGlobal
