
Microsoft Visual Studio Solution File, Format Version 12.00
# Visual Studio Version 17
VisualStudioVersion = 17.4.33205.214
MinimumVisualStudioVersion = 10.0.40219.1
Project("{9A19103F-16F7-4668-BE54-9A1E7A4F7556}") = "Demo", "Demo.csproj", "{6DCD9A8B-1FDE-41FF-86D5-89477C47941A}"
EndProject
Global
	GlobalSection(SolutionConfigurationPlatforms) = preSolution
		Debug|Any CPU = Debug|Any CPU
		Release|Any CPU = Release|Any CPU
	EndGlobalSection
	GlobalSection(ProjectConfigurationPlatforms) = postSolution
		{6DCD9A8B-1FDE-41FF-86D5-89477C47941A}.Debug|Any CPU.ActiveCfg = Debug|Any CPU
		{6DCD9A8B-1FDE-41FF-86D5-89477C47941A}.Debug|Any CPU.Build.0 = Debug|Any CPU
		{6DCD9A8B-1FDE-41FF-86D5-89477C47941A}.Release|Any CPU.ActiveCfg = Release|Any CPU
		{6DCD9A8B-1FDE-41FF-86D5-89477C47941A}.Release|Any CPU.Build.0 = Release|Any CPU
	EndGlobalSection
	GlobalSection(SolutionProperties) = preSolution
		HideSolutionNode = FALSE
	EndGlobalSection
	GlobalSection(ExtensibilityGlobals) = postSolution
		SolutionGuid = {5A52513C-24A0-45E5-A2BC-7BF616D7A391}
	EndGlobalSection
EndGlobal
